// !$*UTF8*$!
{
	archiveVersion = 1;
	classes = {
	};
	objectVersion = 50;
	objects = {

/* Begin PBXBuildFile section */
		FF1E52FA245D2F5000C4DA64 /* AppDelegate.swift in Sources */ = {isa = PBXBuildFile; fileRef = FF1E52F9245D2F5000C4DA64 /* AppDelegate.swift */; };
		FF1E52FC245D2F5000C4DA64 /* SceneDelegate.swift in Sources */ = {isa = PBXBuildFile; fileRef = FF1E52FB245D2F5000C4DA64 /* SceneDelegate.swift */; };
		FF1E5301245D2F5000C4DA64 /* Main.storyboard in Resources */ = {isa = PBXBuildFile; fileRef = FF1E52FF245D2F5000C4DA64 /* Main.storyboard */; };
		FF1E5303245D2F5100C4DA64 /* Assets.xcassets in Resources */ = {isa = PBXBuildFile; fileRef = FF1E5302245D2F5100C4DA64 /* Assets.xcassets */; };
		FF1E5306245D2F5100C4DA64 /* LaunchScreen.storyboard in Resources */ = {isa = PBXBuildFile; fileRef = FF1E5304245D2F5100C4DA64 /* LaunchScreen.storyboard */; };
		FF1E5311245D2F5200C4DA64 /* Homework_7Tests.swift in Sources */ = {isa = PBXBuildFile; fileRef = FF1E5310245D2F5200C4DA64 /* Homework_7Tests.swift */; };
		FF1E531C245D2F5200C4DA64 /* Homework_7UITests.swift in Sources */ = {isa = PBXBuildFile; fileRef = FF1E531B245D2F5200C4DA64 /* Homework_7UITests.swift */; };
		FF48DF1D245F6247001E2E45 /* DViewController.swift in Sources */ = {isa = PBXBuildFile; fileRef = FF48DF1C245F6247001E2E45 /* DViewController.swift */; };
		FF48DF1F2460670D001E2E45 /* ViewController2.swift in Sources */ = {isa = PBXBuildFile; fileRef = FF48DF1E2460670D001E2E45 /* ViewController2.swift */; };
/* End PBXBuildFile section */

/* Begin PBXContainerItemProxy section */
		FF1E530D245D2F5200C4DA64 /* PBXContainerItemProxy */ = {
			isa = PBXContainerItemProxy;
			containerPortal = FF1E52EE245D2F5000C4DA64 /* Project object */;
			proxyType = 1;
			remoteGlobalIDString = FF1E52F5245D2F5000C4DA64;
			remoteInfo = "Homework 7";
		};
		FF1E5318245D2F5200C4DA64 /* PBXContainerItemProxy */ = {
			isa = PBXContainerItemProxy;
			containerPortal = FF1E52EE245D2F5000C4DA64 /* Project object */;
			proxyType = 1;
			remoteGlobalIDString = FF1E52F5245D2F5000C4DA64;
			remoteInfo = "Homework 7";
		};
/* End PBXContainerItemProxy section */

/* Begin PBXFileReference section */
		FF1E52F6245D2F5000C4DA64 /* Homework 7.app */ = {isa = PBXFileReference; explicitFileType = wrapper.application; includeInIndex = 0; path = "Homework 7.app"; sourceTree = BUILT_PRODUCTS_DIR; };
		FF1E52F9245D2F5000C4DA64 /* AppDelegate.swift */ = {isa = PBXFileReference; lastKnownFileType = sourcecode.swift; path = AppDelegate.swift; sourceTree = "<group>"; };
		FF1E52FB245D2F5000C4DA64 /* SceneDelegate.swift */ = {isa = PBXFileReference; lastKnownFileType = sourcecode.swift; path = SceneDelegate.swift; sourceTree = "<group>"; };
		FF1E5300245D2F5000C4DA64 /* Base */ = {isa = PBXFileReference; lastKnownFileType = file.storyboard; name = Base; path = Base.lproj/Main.storyboard; sourceTree = "<group>"; };
		FF1E5302245D2F5100C4DA64 /* Assets.xcassets */ = {isa = PBXFileReference; lastKnownFileType = folder.assetcatalog; path = Assets.xcassets; sourceTree = "<group>"; };
		FF1E5305245D2F5100C4DA64 /* Base */ = {isa = PBXFileReference; lastKnownFileType = file.storyboard; name = Base; path = Base.lproj/LaunchScreen.storyboard; sourceTree = "<group>"; };
		FF1E5307245D2F5100C4DA64 /* Info.plist */ = {isa = PBXFileReference; lastKnownFileType = text.plist.xml; path = Info.plist; sourceTree = "<group>"; };
		FF1E530C245D2F5200C4DA64 /* Homework 7Tests.xctest */ = {isa = PBXFileReference; explicitFileType = wrapper.cfbundle; includeInIndex = 0; path = "Homework 7Tests.xctest"; sourceTree = BUILT_PRODUCTS_DIR; };
		FF1E5310245D2F5200C4DA64 /* Homework_7Tests.swift */ = {isa = PBXFileReference; lastKnownFileType = sourcecode.swift; path = Homework_7Tests.swift; sourceTree = "<group>"; };
		FF1E5312245D2F5200C4DA64 /* Info.plist */ = {isa = PBXFileReference; lastKnownFileType = text.plist.xml; path = Info.plist; sourceTree = "<group>"; };
		FF1E5317245D2F5200C4DA64 /* Homework 7UITests.xctest */ = {isa = PBXFileReference; explicitFileType = wrapper.cfbundle; includeInIndex = 0; path = "Homework 7UITests.xctest"; sourceTree = BUILT_PRODUCTS_DIR; };
		FF1E531B245D2F5200C4DA64 /* Homework_7UITests.swift */ = {isa = PBXFileReference; lastKnownFileType = sourcecode.swift; path = Homework_7UITests.swift; sourceTree = "<group>"; };
		FF1E531D245D2F5200C4DA64 /* Info.plist */ = {isa = PBXFileReference; lastKnownFileType = text.plist.xml; path = Info.plist; sourceTree = "<group>"; };
		FF48DF1C245F6247001E2E45 /* DViewController.swift */ = {isa = PBXFileReference; lastKnownFileType = sourcecode.swift; path = DViewController.swift; sourceTree = "<group>"; };
		FF48DF1E2460670D001E2E45 /* ViewController2.swift */ = {isa = PBXFileReference; lastKnownFileType = sourcecode.swift; path = ViewController2.swift; sourceTree = "<group>"; };
/* End PBXFileReference section */

/* Begin PBXFrameworksBuildPhase section */
		FF1E52F3245D2F5000C4DA64 /* Frameworks */ = {
			isa = PBXFrameworksBuildPhase;
			buildActionMask = 2147483647;
			files = (
			);
			runOnlyForDeploymentPostprocessing = 0;
		};
		FF1E5309245D2F5200C4DA64 /* Frameworks */ = {
			isa = PBXFrameworksBuildPhase;
			buildActionMask = 2147483647;
			files = (
			);
			runOnlyForDeploymentPostprocessing = 0;
		};
		FF1E5314245D2F5200C4DA64 /* Frameworks */ = {
			isa = PBXFrameworksBuildPhase;
			buildActionMask = 2147483647;
			files = (
			);
			runOnlyForDeploymentPostprocessing = 0;
		};
/* End PBXFrameworksBuildPhase section */

/* Begin PBXGroup section */
		FF1E52ED245D2F5000C4DA64 = {
			isa = PBXGroup;
			children = (
				FF48DF1E2460670D001E2E45 /* ViewController2.swift */,
				FF1E52F8245D2F5000C4DA64 /* Homework 7 */,
				FF1E530F245D2F5200C4DA64 /* Homework 7Tests */,
				FF1E531A245D2F5200C4DA64 /* Homework 7UITests */,
				FF1E52F7245D2F5000C4DA64 /* Products */,
			);
			sourceTree = "<group>";
		};
		FF1E52F7245D2F5000C4DA64 /* Products */ = {
			isa = PBXGroup;
			children = (
				FF1E52F6245D2F5000C4DA64 /* Homework 7.app */,
				FF1E530C245D2F5200C4DA64 /* Homework 7Tests.xctest */,
				FF1E5317245D2F5200C4DA64 /* Homework 7UITests.xctest */,
			);
			name = Products;
			sourceTree = "<group>";
		};
		FF1E52F8245D2F5000C4DA64 /* Homework 7 */ = {
			isa = PBXGroup;
			children = (
				FF1E52FB245D2F5000C4DA64 /* SceneDelegate.swift */,
				FF1E52F9245D2F5000C4DA64 /* AppDelegate.swift */,
				FF1E52FF245D2F5000C4DA64 /* Main.storyboard */,
				FF48DF1C245F6247001E2E45 /* DViewController.swift */,
				FF1E5302245D2F5100C4DA64 /* Assets.xcassets */,
				FF1E5304245D2F5100C4DA64 /* LaunchScreen.storyboard */,
				FF1E5307245D2F5100C4DA64 /* Info.plist */,
			);
			path = "Homework 7";
			sourceTree = "<group>";
		};
		FF1E530F245D2F5200C4DA64 /* Homework 7Tests */ = {
			isa = PBXGroup;
			children = (
				FF1E5310245D2F5200C4DA64 /* Homework_7Tests.swift */,
				FF1E5312245D2F5200C4DA64 /* Info.plist */,
			);
			path = "Homework 7Tests";
			sourceTree = "<group>";
		};
		FF1E531A245D2F5200C4DA64 /* Homework 7UITests */ = {
			isa = PBXGroup;
			children = (
				FF1E531B245D2F5200C4DA64 /* Homework_7UITests.swift */,
				FF1E531D245D2F5200C4DA64 /* Info.plist */,
			);
			path = "Homework 7UITests";
			sourceTree = "<group>";
		};
/* End PBXGroup section */

/* Begin PBXNativeTarget section */
		FF1E52F5245D2F5000C4DA64 /* Homework 7 */ = {
			isa = PBXNativeTarget;
			buildConfigurationList = FF1E5320245D2F5200C4DA64 /* Build configuration list for PBXNativeTarget "Homework 7" */;
			buildPhases = (
				FF1E52F2245D2F5000C4DA64 /* Sources */,
				FF1E52F3245D2F5000C4DA64 /* Frameworks */,
				FF1E52F4245D2F5000C4DA64 /* Resources */,
			);
			buildRules = (
			);
			dependencies = (
			);
			name = "Homework 7";
			productName = "Homework 7";
			productReference = FF1E52F6245D2F5000C4DA64 /* Homework 7.app */;
			productType = "com.apple.product-type.application";
		};
		FF1E530B245D2F5200C4DA64 /* Homework 7Tests */ = {
			isa = PBXNativeTarget;
			buildConfigurationList = FF1E5323245D2F5200C4DA64 /* Build configuration list for PBXNativeTarget "Homework 7Tests" */;
			buildPhases = (
				FF1E5308245D2F5200C4DA64 /* Sources */,
				FF1E5309245D2F5200C4DA64 /* Frameworks */,
				FF1E530A245D2F5200C4DA64 /* Resources */,
			);
			buildRules = (
			);
			dependencies = (
				FF1E530E245D2F5200C4DA64 /* PBXTargetDependency */,
			);
			name = "Homework 7Tests";
			productName = "Homework 7Tests";
			productReference = FF1E530C245D2F5200C4DA64 /* Homework 7Tests.xctest */;
			productType = "com.apple.product-type.bundle.unit-test";
		};
		FF1E5316245D2F5200C4DA64 /* Homework 7UITests */ = {
			isa = PBXNativeTarget;
			buildConfigurationList = FF1E5326245D2F5200C4DA64 /* Build configuration list for PBXNativeTarget "Homework 7UITests" */;
			buildPhases = (
				FF1E5313245D2F5200C4DA64 /* Sources */,
				FF1E5314245D2F5200C4DA64 /* Frameworks */,
				FF1E5315245D2F5200C4DA64 /* Resources */,
			);
			buildRules = (
			);
			dependencies = (
				FF1E5319245D2F5200C4DA64 /* PBXTargetDependency */,
			);
			name = "Homework 7UITests";
			productName = "Homework 7UITests";
			productReference = FF1E5317245D2F5200C4DA64 /* Homework 7UITests.xctest */;
			productType = "com.apple.product-type.bundle.ui-testing";
		};
/* End PBXNativeTarget section */

/* Begin PBXProject section */
		FF1E52EE245D2F5000C4DA64 /* Project object */ = {
			isa = PBXProject;
			attributes = {
				LastSwiftUpdateCheck = 1130;
				LastUpgradeCheck = 1130;
				ORGANIZATIONNAME = "Jakob Sabatula";
				TargetAttributes = {
					FF1E52F5245D2F5000C4DA64 = {
						CreatedOnToolsVersion = 11.3.1;
					};
					FF1E530B245D2F5200C4DA64 = {
						CreatedOnToolsVersion = 11.3.1;
						TestTargetID = FF1E52F5245D2F5000C4DA64;
					};
					FF1E5316245D2F5200C4DA64 = {
						CreatedOnToolsVersion = 11.3.1;
						TestTargetID = FF1E52F5245D2F5000C4DA64;
					};
				};
			};
			buildConfigurationList = FF1E52F1245D2F5000C4DA64 /* Build configuration list for PBXProject "Homework 7" */;
			compatibilityVersion = "Xcode 9.3";
			developmentRegion = en;
			hasScannedForEncodings = 0;
			knownRegions = (
				en,
				Base,
			);
			mainGroup = FF1E52ED245D2F5000C4DA64;
			productRefGroup = FF1E52F7245D2F5000C4DA64 /* Products */;
			projectDirPath = "";
			projectRoot = "";
			targets = (
				FF1E52F5245D2F5000C4DA64 /* Homework 7 */,
				FF1E530B245D2F5200C4DA64 /* Homework 7Tests */,
				FF1E5316245D2F5200C4DA64 /* Homework 7UITests */,
			);
		};
/* End PBXProject section */

/* Begin PBXResourcesBuildPhase section */
		FF1E52F4245D2F5000C4DA64 /* Resources */ = {
			isa = PBXResourcesBuildPhase;
			buildActionMask = 2147483647;
			files = (
				FF1E5306245D2F5100C4DA64 /* LaunchScreen.storyboard in Resources */,
				FF1E5303245D2F5100C4DA64 /* Assets.xcassets in Resources */,
				FF1E5301245D2F5000C4DA64 /* Main.storyboard in Resources */,
			);
			runOnlyForDeploymentPostprocessing = 0;
		};
		FF1E530A245D2F5200C4DA64 /* Resources */ = {
			isa = PBXResourcesBuildPhase;
			buildActionMask = 2147483647;
			files = (
			);
			runOnlyForDeploymentPostprocessing = 0;
		};
		FF1E5315245D2F5200C4DA64 /* Resources */ = {
			isa = PBXResourcesBuildPhase;
			buildActionMask = 2147483647;
			files = (
			);
			runOnlyForDeploymentPostprocessing = 0;
		};
/* End PBXResourcesBuildPhase section */

/* Begin PBXSourcesBuildPhase section */
		FF1E52F2245D2F5000C4DA64 /* Sources */ = {
			isa = PBXSourcesBuildPhase;
			buildActionMask = 2147483647;
			files = (
				FF1E52FA245D2F5000C4DA64 /* AppDelegate.swift in Sources */,
				FF48DF1F2460670D001E2E45 /* ViewController2.swift in Sources */,
				FF1E52FC245D2F5000C4DA64 /* SceneDelegate.swift in Sources */,
				FF48DF1D245F6247001E2E45 /* DViewController.swift in Sources */,
			);
			runOnlyForDeploymentPostprocessing = 0;
		};
		FF1E5308245D2F5200C4DA64 /* Sources */ = {
			isa = PBXSourcesBuildPhase;
			buildActionMask = 2147483647;
			files = (
				FF1E5311245D2F5200C4DA64 /* Homework_7Tests.swift in Sources */,
			);
			runOnlyForDeploymentPostprocessing = 0;
		};
		FF1E5313245D2F5200C4DA64 /* Sources */ = {
			isa = PBXSourcesBuildPhase;
			buildActionMask = 2147483647;
			files = (
				FF1E531C245D2F5200C4DA64 /* Homework_7UITests.swift in Sources */,
			);
			runOnlyForDeploymentPostprocessing = 0;
		};
/* End PBXSourcesBuildPhase section */

/* Begin PBXTargetDependency section */
		FF1E530E245D2F5200C4DA64 /* PBXTargetDependency */ = {
			isa = PBXTargetDependency;
			target = FF1E52F5245D2F5000C4DA64 /* Homework 7 */;
			targetProxy = FF1E530D245D2F5200C4DA64 /* PBXContainerItemProxy */;
		};
		FF1E5319245D2F5200C4DA64 /* PBXTargetDependency */ = {
			isa = PBXTargetDependency;
			target = FF1E52F5245D2F5000C4DA64 /* Homework 7 */;
			targetProxy = FF1E5318245D2F5200C4DA64 /* PBXContainerItemProxy */;
		};
/* End PBXTargetDependency section */

/* Begin PBXVariantGroup section */
		FF1E52FF245D2F5000C4DA64 /* Main.storyboard */ = {
			isa = PBXVariantGroup;
			children = (
				FF1E5300245D2F5000C4DA64 /* Base */,
			);
			name = Main.storyboard;
			sourceTree = "<group>";
		};
		FF1E5304245D2F5100C4DA64 /* LaunchScreen.storyboard */ = {
			isa = PBXVariantGroup;
			children = (
				FF1E5305245D2F5100C4DA64 /* Base */,
			);
			name = LaunchScreen.storyboard;
			sourceTree = "<group>";
		};
/* End PBXVariantGroup section */

/* Begin XCBuildConfiguration section */
		FF1E531E245D2F5200C4DA64 /* Debug */ = {
			isa = XCBuildConfiguration;
			buildSettings = {
				ALWAYS_SEARCH_USER_PATHS = NO;
				CLANG_ANALYZER_NONNULL = YES;
				CLANG_ANALYZER_NUMBER_OBJECT_CONVERSION = YES_AGGRESSIVE;
				CLANG_CXX_LANGUAGE_STANDARD = "gnu++14";
				CLANG_CXX_LIBRARY = "libc++";
				CLANG_ENABLE_MODULES = YES;
				CLANG_ENABLE_OBJC_ARC = YES;
				CLANG_ENABLE_OBJC_WEAK = YES;
				CLANG_WARN_BLOCK_CAPTURE_AUTORELEASING = YES;
				CLANG_WARN_BOOL_CONVERSION = YES;
				CLANG_WARN_COMMA = YES;
				CLANG_WARN_CONSTANT_CONVERSION = YES;
				CLANG_WARN_DEPRECATED_OBJC_IMPLEMENTATIONS = YES;
				CLANG_WARN_DIRECT_OBJC_ISA_USAGE = YES_ERROR;
				CLANG_WARN_DOCUMENTATION_COMMENTS = YES;
				CLANG_WARN_EMPTY_BODY = YES;
				CLANG_WARN_ENUM_CONVERSION = YES;
				CLANG_WARN_INFINITE_RECURSION = YES;
				CLANG_WARN_INT_CONVERSION = YES;
				CLANG_WARN_NON_LITERAL_NULL_CONVERSION = YES;
				CLANG_WARN_OBJC_IMPLICIT_RETAIN_SELF = YES;
				CLANG_WARN_OBJC_LITERAL_CONVERSION = YES;
				CLANG_WARN_OBJC_ROOT_CLASS = YES_ERROR;
				CLANG_WARN_RANGE_LOOP_ANALYSIS = YES;
				CLANG_WARN_STRICT_PROTOTYPES = YES;
				CLANG_WARN_SUSPICIOUS_MOVE = YES;
				CLANG_WARN_UNGUARDED_AVAILABILITY = YES_AGGRESSIVE;
				CLANG_WARN_UNREACHABLE_CODE = YES;
				CLANG_WARN__DUPLICATE_METHOD_MATCH = YES;
				COPY_PHASE_STRIP = NO;
				DEBUG_INFORMATION_FORMAT = dwarf;
				ENABLE_STRICT_OBJC_MSGSEND = YES;
				ENABLE_TESTABILITY = YES;
				GCC_C_LANGUAGE_STANDARD = gnu11;
				GCC_DYNAMIC_NO_PIC = NO;
				GCC_NO_COMMON_BLOCKS = YES;
				GCC_OPTIMIZATION_LEVEL = 0;
				GCC_PREPROCESSOR_DEFINITIONS = (
					"DEBUG=1",
					"$(inherited)",
				);
				GCC_WARN_64_TO_32_BIT_CONVERSION = YES;
				GCC_WARN_ABOUT_RETURN_TYPE = YES_ERROR;
				GCC_WARN_UNDECLARED_SELECTOR = YES;
				GCC_WARN_UNINITIALIZED_AUTOS = YES_AGGRESSIVE;
				GCC_WARN_UNUSED_FUNCTION = YES;
				GCC_WARN_UNUSED_VARIABLE = YES;
				IPHONEOS_DEPLOYMENT_TARGET = 13.2;
				MTL_ENABLE_DEBUG_INFO = INCLUDE_SOURCE;
				MTL_FAST_MATH = YES;
				ONLY_ACTIVE_ARCH = YES;
				SDKROOT = iphoneos;
				SWIFT_ACTIVE_COMPILATION_CONDITIONS = DEBUG;
				SWIFT_OPTIMIZATION_LEVEL = "-Onone";
			};
			name = Debug;
		};
		FF1E531F245D2F5200C4DA64 /* Release */ = {
			isa = XCBuildConfiguration;
			buildSettings = {
				ALWAYS_SEARCH_USER_PATHS = NO;
				CLANG_ANALYZER_NONNULL = YES;
				CLANG_ANALYZER_NUMBER_OBJECT_CONVERSION = YES_AGGRESSIVE;
				CLANG_CXX_LANGUAGE_STANDARD = "gnu++14";
				CLANG_CXX_LIBRARY = "libc++";
				CLANG_ENABLE_MODULES = YES;
				CLANG_ENABLE_OBJC_ARC = YES;
				CLANG_ENABLE_OBJC_WEAK = YES;
				CLANG_WARN_BLOCK_CAPTURE_AUTORELEASING = YES;
				CLANG_WARN_BOOL_CONVERSION = YES;
				CLANG_WARN_COMMA = YES;
				CLANG_WARN_CONSTANT_CONVERSION = YES;
				CLANG_WARN_DEPRECATED_OBJC_IMPLEMENTATIONS = YES;
				CLANG_WARN_DIRECT_OBJC_ISA_USAGE = YES_ERROR;
				CLANG_WARN_DOCUMENTATION_COMMENTS = YES;
				CLANG_WARN_EMPTY_BODY = YES;
				CLANG_WARN_ENUM_CONVERSION = YES;
				CLANG_WARN_INFINITE_RECURSION = YES;
				CLANG_WARN_INT_CONVERSION = YES;
				CLANG_WARN_NON_LITERAL_NULL_CONVERSION = YES;
				CLANG_WARN_OBJC_IMPLICIT_RETAIN_SELF = YES;
				CLANG_WARN_OBJC_LITERAL_CONVERSION = YES;
				CLANG_WARN_OBJC_ROOT_CLASS = YES_ERROR;
				CLANG_WARN_RANGE_LOOP_ANALYSIS = YES;
				CLANG_WARN_STRICT_PROTOTYPES = YES;
				CLANG_WARN_SUSPICIOUS_MOVE = YES;
				CLANG_WARN_UNGUARDED_AVAILABILITY = YES_AGGRESSIVE;
				CLANG_WARN_UNREACHABLE_CODE = YES;
				CLANG_WARN__DUPLICATE_METHOD_MATCH = YES;
				COPY_PHASE_STRIP = NO;
				DEBUG_INFORMATION_FORMAT = "dwarf-with-dsym";
				ENABLE_NS_ASSERTIONS = NO;
				ENABLE_STRICT_OBJC_MSGSEND = YES;
				GCC_C_LANGUAGE_STANDARD = gnu11;
				GCC_NO_COMMON_BLOCKS = YES;
				GCC_WARN_64_TO_32_BIT_CONVERSION = YES;
				GCC_WARN_ABOUT_RETURN_TYPE = YES_ERROR;
				GCC_WARN_UNDECLARED_SELECTOR = YES;
				GCC_WARN_UNINITIALIZED_AUTOS = YES_AGGRESSIVE;
				GCC_WARN_UNUSED_FUNCTION = YES;
				GCC_WARN_UNUSED_VARIABLE = YES;
				IPHONEOS_DEPLOYMENT_TARGET = 13.2;
				MTL_ENABLE_DEBUG_INFO = NO;
				MTL_FAST_MATH = YES;
				SDKROOT = iphoneos;
				SWIFT_COMPILATION_MODE = wholemodule;
				SWIFT_OPTIMIZATION_LEVEL = "-O";
				VALIDATE_PRODUCT = YES;
			};
			name = Release;
		};
		FF1E5321245D2F5200C4DA64 /* Debug */ = {
			isa = XCBuildConfiguration;
			buildSettings = {
				ASSETCATALOG_COMPILER_APPICON_NAME = AppIcon;
				CODE_SIGN_STYLE = Automatic;
				INFOPLIST_FILE = "Homework 7/Info.plist";
				LD_RUNPATH_SEARCH_PATHS = (
					"$(inherited)",
					"@executable_path/Frameworks",
				);
				PRODUCT_BUNDLE_IDENTIFIER = "jakesabatula.com.Homework-7";
				PRODUCT_NAME = "$(TARGET_NAME)";
				SWIFT_VERSION = 5.0;
				TARGETED_DEVICE_FAMILY = "1,2";
			};
			name = Debug;
		};
		FF1E5322245D2F5200C4DA64 /* Release */ = {
			isa = XCBuildConfiguration;
			buildSettings = {
				ASSETCATALOG_COMPILER_APPICON_NAME = AppIcon;
				CODE_SIGN_STYLE = Automatic;
				INFOPLIST_FILE = "Homework 7/Info.plist";
				LD_RUNPATH_SEARCH_PATHS = (
					"$(inherited)",
					"@executable_path/Frameworks",
				);
				PRODUCT_BUNDLE_IDENTIFIER = "jakesabatula.com.Homework-7";
				PRODUCT_NAME = "$(TARGET_NAME)";
				SWIFT_VERSION = 5.0;
				TARGETED_DEVICE_FAMILY = "1,2";
			};
			name = Release;
		};
		FF1E5324245D2F5200C4DA64 /* Debug */ = {
			isa = XCBuildConfiguration;
			buildSettings = {
				ALWAYS_EMBED_SWIFT_STANDARD_LIBRARIES = YES;
				BUNDLE_LOADER = "$(TEST_HOST)";
				CODE_SIGN_STYLE = Automatic;
				INFOPLIST_FILE = "Homework 7Tests/Info.plist";
				IPHONEOS_DEPLOYMENT_TARGET = 13.2;
				LD_RUNPATH_SEARCH_PATHS = (
					"$(inherited)",
					"@executable_path/Frameworks",
					"@loader_path/Frameworks",
				);
				PRODUCT_BUNDLE_IDENTIFIER = "jakesabatula.com.Homework-7Tests";
				PRODUCT_NAME = "$(TARGET_NAME)";
				SWIFT_VERSION = 5.0;
				TARGETED_DEVICE_FAMILY = "1,2";
				TEST_HOST = "$(BUILT_PRODUCTS_DIR)/Homework 7.app/Homework 7";
			};
			name = Debug;
		};
		FF1E5325245D2F5200C4DA64 /* Release */ = {
			isa = XCBuildConfiguration;
			buildSettings = {
				ALWAYS_EMBED_SWIFT_STANDARD_LIBRARIES = YES;
				BUNDLE_LOADER = "$(TEST_HOST)";
				CODE_SIGN_STYLE = Automatic;
				INFOPLIST_FILE = "Homework 7Tests/Info.plist";
				IPHONEOS_DEPLOYMENT_TARGET = 13.2;
				LD_RUNPATH_SEARCH_PATHS = (
					"$(inherited)",
					"@executable_path/Frameworks",
					"@loader_path/Frameworks",
				);
				PRODUCT_BUNDLE_IDENTIFIER = "jakesabatula.com.Homework-7Tests";
				PRODUCT_NAME = "$(TARGET_NAME)";
				SWIFT_VERSION = 5.0;
				TARGETED_DEVICE_FAMILY = "1,2";
				TEST_HOST = "$(BUILT_PRODUCTS_DIR)/Homework 7.app/Homework 7";
			};
			name = Release;
		};
		FF1E5327245D2F5200C4DA64 /* Debug */ = {
			isa = XCBuildConfiguration;
			buildSettings = {
				ALWAYS_EMBED_SWIFT_STANDARD_LIBRARIES = YES;
				CODE_SIGN_STYLE = Automatic;
				INFOPLIST_FILE = "Homework 7UITests/Info.plist";
				LD_RUNPATH_SEARCH_PATHS = (
					"$(inherited)",
					"@executable_path/Frameworks",
					"@loader_path/Frameworks",
				);
				PRODUCT_BUNDLE_IDENTIFIER = "jakesabatula.com.Homework-7UITests";
				PRODUCT_NAME = "$(TARGET_NAME)";
				SWIFT_VERSION = 5.0;
				TARGETED_DEVICE_FAMILY = "1,2";
				TEST_TARGET_NAME = "Homework 7";
			};
			name = Debug;
		};
		FF1E5328245D2F5200C4DA64 /* Release */ = {
			isa = XCBuildConfiguration;
			buildSettings = {
				ALWAYS_EMBED_SWIFT_STANDARD_LIBRARIES = YES;
				CODE_SIGN_STYLE = Automatic;
				INFOPLIST_FILE = "Homework 7UITests/Info.plist";
				LD_RUNPATH_SEARCH_PATHS = (
					"$(inherited)",
					"@executable_path/Frameworks",
					"@loader_path/Frameworks",
				);
				PRODUCT_BUNDLE_IDENTIFIER = "jakesabatula.com.Homework-7UITests";
				PRODUCT_NAME = "$(TARGET_NAME)";
				SWIFT_VERSION = 5.0;
				TARGETED_DEVICE_FAMILY = "1,2";
				TEST_TARGET_NAME = "Homework 7";
			};
			name = Release;
		};
/* End XCBuildConfiguration section */

/* Begin XCConfigurationList section */
		FF1E52F1245D2F5000C4DA64 /* Build configuration list for PBXProject "Homework 7" */ = {
			isa = XCConfigurationList;
			buildConfigurations = (
				FF1E531E245D2F5200C4DA64 /* Debug */,
				FF1E531F245D2F5200C4DA64 /* Release */,
			);
			defaultConfigurationIsVisible = 0;
			defaultConfigurationName = Release;
		};
		FF1E5320245D2F5200C4DA64 /* Build configuration list for PBXNativeTarget "Homework 7" */ = {
			isa = XCConfigurationList;
			buildConfigurations = (
				FF1E5321245D2F5200C4DA64 /* Debug */,
				FF1E5322245D2F5200C4DA64 /* Release */,
			);
			defaultConfigurationIsVisible = 0;
			defaultConfigurationName = Release;
		};
		FF1E5323245D2F5200C4DA64 /* Build configuration list for PBXNativeTarget "Homework 7Tests" */ = {
			isa = XCConfigurationList;
			buildConfigurations = (
				FF1E5324245D2F5200C4DA64 /* Debug */,
				FF1E5325245D2F5200C4DA64 /* Release */,
			);
			defaultConfigurationIsVisible = 0;
			defaultConfigurationName = Release;
		};
		FF1E5326245D2F5200C4DA64 /* Build configuration list for PBXNativeTarget "Homework 7UITests" */ = {
			isa = XCConfigurationList;
			buildConfigurations = (
				FF1E5327245D2F5200C4DA64 /* Debug */,
				FF1E5328245D2F5200C4DA64 /* Release */,
			);
			defaultConfigurationIsVisible = 0;
			defaultConfigurationName = Release;
		};
/* End XCConfigurationList section */
	};
	rootObject = FF1E52EE245D2F5000C4DA64 /* Project object */;
}
